
Microsoft Visual Studio Solution File, Format Version 12.00
# Visual Studio Version 17
VisualStudioVersion = 17.12.35527.113
MinimumVisualStudioVersion = 10.0.40219.1
Project("{FAE04EC0-301F-11D3-BF4B-00C04F79EFBC}") = "sims", "sims.csproj", "{4230537D-DD79-4B6E-A8C4-63B484CA4B6E}"
EndProject
Project("{54435603-DBB4-11D2-8724-00A0C9A8B90C}") = "Sales and Inventory System - Soothing Cafe", "..\Sales and Inventory System - Soothing Cafe\Sales and Inventory System - Soothing Cafe.vdproj", "{CDE6C10F-93DC-4651-B77C-101E7B5D2DFE}"
EndProject
Global
	GlobalSection(SolutionConfigurationPlatforms) = preSolution
		Debug|Any CPU = Debug|Any CPU
		Release|Any CPU = Release|Any CPU
	EndGlobalSection
	GlobalSection(ProjectConfigurationPlatforms) = postSolution
		{4230537D-DD79-4B6E-A8C4-63B484CA4B6E}.Debug|Any CPU.ActiveCfg = Debug|Any CPU
		{4230537D-DD79-4B6E-A8C4-63B484CA4B6E}.Debug|Any CPU.Build.0 = Debug|Any CPU
		{4230537D-DD79-4B6E-A8C4-63B484CA4B6E}.Release|Any CPU.ActiveCfg = Release|Any CPU
		{4230537D-DD79-4B6E-A8C4-63B484CA4B6E}.Release|Any CPU.Build.0 = Release|Any CPU
		{CDE6C10F-93DC-4651-B77C-101E7B5D2DFE}.Debug|Any CPU.ActiveCfg = Debug
		{CDE6C10F-93DC-4651-B77C-101E7B5D2DFE}.Release|Any CPU.ActiveCfg = Release
	EndGlobalSection
	GlobalSection(SolutionProperties) = preSolution
		HideSolutionNode = FALSE
	EndGlobalSection
EndGlobal
